PODS:
  - Alamofire (4.0.0)
  - AWSCore (2.4.7)
  - AWSS3 (2.4.7):
    - AWSCore (= 2.4.7)
  - Bolts (1.8.4):
    - Bolts/AppLinks (= 1.8.4)
    - Bolts/Tasks (= 1.8.4)
  - Bolts/AppLinks (1.8.4):
    - Bolts/Tasks
  - Bolts/Tasks (1.8.4)
  - FBSDKCoreKit (4.15.1):
    - Bolts (~> 1.7)
  - FBSDKLoginKit (4.15.1):
    - FBSDKCoreKit
  - FBSDKShareKit (4.15.1):
    - FBSDKCoreKit
  - Firebase (3.6.0):
    - Firebase/Core (= 3.6.0)
  - Firebase/Analytics (3.6.0):
    - FirebaseAnalytics (= 3.4.2)
  - Firebase/Core (3.6.0):
    - Firebase/Analytics
  - FirebaseAnalytics (3.4.2):
    - FirebaseInstanceID (~> 1.0)
    - GoogleInterchangeUtilities (~> 1.2)
    - GoogleSymbolUtilities (~> 1.1)
    - GoogleUtilities (~> 1.2)
  - FirebaseDatabase (3.0.3):
    - FirebaseAnalytics (~> 3.3)
  - FirebaseInstanceID (1.0.8)
  - FirebaseMessaging (1.2.0):
    - FirebaseAnalytics (~> 3.3)
    - FirebaseInstanceID (~> 1.0)
    - GoogleInterchangeUtilities (~> 1.2)
    - GoogleIPhoneUtilities (~> 1.2)
    - GoogleSymbolUtilities (~> 1.1)
  - FoldingCell (0.8.7)
  - GoogleInterchangeUtilities (1.2.1):
    - GoogleSymbolUtilities (~> 1.0)
  - GoogleIPhoneUtilities (1.2.1):
    - GoogleSymbolUtilities (~> 1.0)
    - GoogleUtilities (~> 1.0)
  - GoogleMaps (2.0.1):
    - GoogleMaps/Maps (= 2.0.1)
  - GoogleMaps/Base (2.0.1)
  - GoogleMaps/Maps (2.0.1):
    - GoogleMaps/Base (= 2.0.1)
  - GoogleSymbolUtilities (1.1.1)
  - GoogleUtilities (1.3.1):
    - GoogleSymbolUtilities (~> 1.0)
  - LocationPicker (0.6.0)
  - Parse (1.14.2):
    - Bolts/Tasks (~> 1.8)
  - ParseFacebookUtilsV4 (1.11.1):
    - Bolts/Tasks (>= 1.6)
    - FBSDKCoreKit (~> 4.10)
    - FBSDKLoginKit (~> 4.10)
    - FBSDKTVOSKit (~> 4.10)
    - Parse (~> 1.12)
  - ParseUI (1.2.0):
    - Bolts/Tasks (~> 1.3)
    - Parse (~> 1.9)
  - Spring (1.0.3)
  - SwiftDate (3.0.9)
  - SwiftInAppPurchase (1.0.0)
  - TwilioSDK (1.2.11)
  - VideoSplash (1.0.9)

DEPENDENCIES:
  - Alamofire
  - AWSS3 (= 2.4.7)
  - FBSDKCoreKit
  - FBSDKShareKit
  - Firebase
  - FirebaseDatabase
  - FirebaseMessaging
  - FoldingCell (~> 0.6)
  - GoogleMaps
  - LocationPicker
  - Parse
  - ParseFacebookUtilsV4
  - ParseUI
  - Spring (from `https://github.com/MengTo/Spring.git`, branch `swift3`)
  - SwiftDate (from `https://github.com/malcommac/SwiftDate`, branch `feature/swift-3.0`)
  - SwiftInAppPurchase
  - TwilioSDK
  - VideoSplash

EXTERNAL SOURCES:
  Spring:
    :branch: swift3
    :git: https://github.com/MengTo/Spring.git
  SwiftDate:
    :branch: feature/swift-3.0
    :git: https://github.com/malcommac/SwiftDate

CHECKOUT OPTIONS:
  Spring:
    :commit: e5c127b7aa6ce31e5f4d01100a8991423a1eb498
    :git: https://github.com/MengTo/Spring.git
  SwiftDate:
    :commit: 644a4615c77dc70d7861ddadb2c59f5c45f4c235
    :git: https://github.com/malcommac/SwiftDate

SPEC CHECKSUMS:
  Alamofire: fef59f00388f267e52d9b432aa5d93dc97190f14
  AWSCore: 9a729a3c0050a51ece3547d546c327acdac7838a
  AWSS3: 0f3c8ed11e04cd78cf86ed396c06330ab142db7a
  Bolts: 8a7995239dbe724f9cba2248b766d48b7ebdd322
  FBSDKCoreKit: fc7fa53d16b095ee3fd53f0cd59f1df8bcbb634d
  FBSDKLoginKit: 073f79b3b2e762fc6f54a283fe15f45372d59f5f
  FBSDKShareKit: 11cbb5a4d7b5fda8143cc95b76188147e6725736
  Firebase: 34187200ef4979dbd485c7aa685ef078bf587c86
  FirebaseAnalytics: 3f5358d9104adf159cc8d99b7b501e50099a39ad
  FirebaseDatabase: 750a4a0fe18ef114318876fd654b2d9c671e0992
  FirebaseInstanceID: ba1e640935235e5fac39dfa816fe7660e72e1a8a
  FirebaseMessaging: 789d23fd796594dfb55dcf36cd325541df887c22
  FoldingCell: 95cc3a13a8c020b12a9af6eb3496f4563444149d
  GoogleInterchangeUtilities: def8415a862effc67d549d5b5b0b9c7a2f97d4de
  GoogleIPhoneUtilities: 63f25e93a3ddcb66884d182aab3a660d98f1479b
  GoogleMaps: f09da64fc987c1aa29394567c3cab5a3df83c402
  GoogleSymbolUtilities: 33117db1b5f290c6fbf259585e4885b4c84b98d7
  GoogleUtilities: 56c5ac05b7aa5dc417a1bb85221a9516e04d7032
  LocationPicker: 93ea916c48fef7b561fc4ecc2457cbb4ac58d7cf
  Parse: 4335d65f40cb3d43190d723144bbe1afb9c38230
  ParseFacebookUtilsV4: 2f30c2b7021c8005d3042781da7ef87d06589421
  ParseUI: af2eba584799da4a9fbdac0e178662d7438b502e
  Spring: 3f02b5dc3308572ef177b3cad0fa7bbc4b0706f7
  SwiftDate: fa487d9b7d8c3070ea2553486902494f4915465d
  SwiftInAppPurchase: 88435af10194c7892e7524c40a53fe8894ae5a07
  TwilioSDK: c1efd3b273c243b5a034baa0d29ad370afb893d9
  VideoSplash: b862d41726b22fefd47ffe845c0524616cf5ab0e

PODFILE CHECKSUM: 45bd21543e5ece46efa81a8141b7ae1c9acdd1b9

COCOAPODS: 1.0.1
